# Hash-locked CPython 3.11 production lock for Linux x86_64/aarch64.
# InsightFace and StringZilla publish source archives for this target; their
# exact source hashes are pinned and compilation stays in the builder stage.
albucore==0.0.24 \
    --hash=sha256:adef6e434e50e22c2ee127b7a3e71f2e35fa088bcf54431e18970b62d97d0005
albumentations==2.0.8 \
    --hash=sha256:c4c4259aaf04a7386ad85c7fdcb73c6c7146ca3057446b745cc035805acb1017
annotated-types==0.7.0 \
    --hash=sha256:1f02e8b43a8fbbc3f3e0d4f0f4bfc8131bcb4eebe8849b8e5c773f3a1c582a53
certifi==2026.6.17 \
    --hash=sha256:2227dcbaafe0d2f59279d1762ddddc37783ed4354594f194ffc31d20f41fc3db
cffi==2.1.0 \
    --hash=sha256:88023dfe18799507b73f1dbb0d14326a17465de1bc9c9c7655c22845e9ddc3a2 \
    --hash=sha256:aa7a1b53a2a4452ada2d1b5dade9960b2522f1e61293a811a077439e39029565
charset-normalizer==3.4.9 \
    --hash=sha256:68e5f26a1ad57ded6d1cfb85331d1c1a195314756471d97758c48498bb4dcdf5
contourpy==1.3.3 \
    --hash=sha256:929ddf8c4c7f348e4c0a5a3a714b5c8542ffaa8c22954862a46ca1813b667ee7 \
    --hash=sha256:51e79c1f7470158e838808d4a996fa9bac72c498e93d8ebe5119bc1e6becb0db
cryptography==49.0.0 \
    --hash=sha256:36d1709f992593689b45bda411498d62c6e365f2ca00b84657d4dadd24de16db \
    --hash=sha256:0e959b578856a3924bc0cbb710fc12c387b9412a951389f3ca61704a9e25f325 \
    --hash=sha256:53ecee2e23f7169b6117e99fc8a944e5e50f79e69758a83b52a00cb98ab2b2d2 \
    --hash=sha256:2afe9051da7ae7bd5905da5a949280c7d2bb75682e188f650a9d0f2756b834c6 \
    --hash=sha256:ccac2bfebc306b862133e3bb71f3f6ee8bb525240089b2d952e4144b3a6d5da7 \
    --hash=sha256:cbc77da8c523d5abd028635ba850a6966fcee2c82e2bf65a41d1d8afe0f98be9
cycler==0.12.1 \
    --hash=sha256:85cef7cff222d8644161529808465972e51340599459b8ac3ccbac5a854e0d30
cython==3.2.8 \
    --hash=sha256:f635e113677666de13a2ec2979e9b1d5b90617cdfd1a691d3559be81e2dd6cb9
easydict==1.13 \
    --hash=sha256:6b787daf4dcaf6377b4ad9403a5cee5a86adbc0ca9a5bcf5410e9902002aeac2
flatbuffers==25.12.19 \
    --hash=sha256:7634f50c427838bb021c2d66a3d1168e9d199b0607e6329399f04846d42e20b4
fonttools==4.63.0 \
    --hash=sha256:445af2eab030a16b9171ea8bdda7ebf7d96bda2df88ee182a464252f6e05e20d
google-api-core==2.31.0 \
    --hash=sha256:ef79fb3784c71cbac89cbd03301ba0c8fb8ad2aa95d7f9204dd9628f7adf59ab
google-auth==2.55.2 \
    --hash=sha256:d715f265f2cafc6a5f1bf0dc19870d20e3119f6f6682785a250bce3d03d38a3b
google-cloud-vision==3.15.0 \
    --hash=sha256:6293186bb824a986cdf73bcc83ad0e44a1ef26942347b7e01598061619bb66d4
googleapis-common-protos==1.75.0 \
    --hash=sha256:961ed60399c457ceb0ee8f285a84c870aabc9c6a832b9d37bb281b5bebde43ed
grpcio==1.82.1 \
    --hash=sha256:ddb30cb13e25bc13cea70ffc69d6d90c49d36ea6c1d4549e6912f70177834cac \
    --hash=sha256:5dafb1ece8ed45dee7c738f166ec82e19673221ed5ab8967f72858a4685345b2
grpcio-status==1.82.1 \
    --hash=sha256:71c7f2bea725c0027fa396b77a55d4e9d90591bab90de4c1c03d4df9a56552f0
idna==3.18 \
    --hash=sha256:7f952cbe720b688055e3f87de14f5c3e5fdaa8bc3928985c4077ca689de849a2
imageio==2.37.3 \
    --hash=sha256:46f5bb8522cd421c0f5ae104d8268f569d856b29eb1a13b92829d1970f32c9f0
insightface==0.7.3 \
    --hash=sha256:f191f719612ebb37018f41936814500544cd0f86e6fcd676c023f354c668ddf7
joblib==1.5.3 \
    --hash=sha256:5fc3c5039fc5ca8c0276333a188bbd59d6b7ab37fe6632daa76bc7f9ec18e713
kiwisolver==1.5.0 \
    --hash=sha256:2517e24d7315eb51c10664cdb865195df38ab74456c677df67bb47f12d088a27 \
    --hash=sha256:ff710414307fefa903e0d9bdf300972f892c23477829f49504e59834f4195398
lazy-loader==0.5 \
    --hash=sha256:ab0ea149e9c554d4ffeeb21105ac60bed7f3b4fd69b1d2360a4add51b170b005
matplotlib==3.11.0 \
    --hash=sha256:630eee0e67d35cce2019a0e670719f4816e3b86aff0fa72729f6c69786fceb45 \
    --hash=sha256:5106c444d0bf966eee2853548c03772af4ab7199118e086c62fbac8ccb07c055
ml-dtypes==0.5.4 \
    --hash=sha256:bc11d7e8c44a65115d05e2ab9989d1e045125d7be8e05a071a48bc76eb6d6040 \
    --hash=sha256:19b9a53598f21e453ea2fbda8aa783c20faff8e1eeb0d7ab899309a0053f1483
narwhals==2.23.0 \
    --hash=sha256:769e7b9ab102c93d8fa019f6b4cd1a657909b04a20bf6210e5a35aae06814ae9
networkx==3.6.1 \
    --hash=sha256:d47fbf302e7d9cbbb9e2555a0d267983d2aa476bac30e90dfbe5669bd57f3762
numpy==2.4.6 \
    --hash=sha256:0ab0a9c4ffb1a6d95ef519fe4247dba8eb6b18ad93999f76b7f657039acabd47 \
    --hash=sha256:89cd468399cfd2504718f0ba50e410dca55a170b61a02ad92bb18c8a65186e93
onnx==1.22.0 \
    --hash=sha256:a1a89a7cb9ba13d78f009bdec448ec82a98972589734f157022a2bff7a5973a6 \
    --hash=sha256:1d0a2bdb15eb2b3cb65c438f3423d9620d14fdce32f92380e6bb1b2e09568ef5 \
    --hash=sha256:ae5a563f281cd9d2845622cecf6c092a57e4ee1b138f66fdbbdd4200567a5e16 \
    --hash=sha256:955e02e1f6d385b53d52f9cd7b9cdf5caf417c300bcfe3c64c6d542be763845b
onnxruntime==1.27.0 \
    --hash=sha256:2eb083321af8a236a84c7c140a7f4cecbfa2a987a18c07c78db471c20cd390ef \
    --hash=sha256:e4f7b0e90d2d212e2c2deaa6c8291616183ab815d3ec558ea12d3ac8b26d36f4
opencv-python-headless==4.13.0.92 \
    --hash=sha256:5c8cfc8e87ed452b5cecb9419473ee5560a989859fe1d10d1ce11ae87b09a2cb \
    --hash=sha256:0525a3d2c0b46c611e2130b5fdebc94cf404845d8fa64d2f3a3b679572a5bd22 \
    --hash=sha256:eb60e36b237b1ebd40a912da5384b348df8ed534f6f644d8e0b4f103e272ba7d \
    --hash=sha256:0bd48544f77c68b2941392fcdf9bcd2b9cdf00e98cb8c29b2455d194763cf99e
packaging==26.2 \
    --hash=sha256:5fc45236b9446107ff2415ce77c807cee2862cb6fac22b8a73826d0693b0980e
pillow==12.3.0 \
    --hash=sha256:bcb46e2f9feff8d06323983bd83ed00c201fdcab3d74973e7072a889b3979fcd \
    --hash=sha256:23d27a3e0307ec2244cc51e7287b919aa68d097504ebe19df4e76a98a3eea5bd
prettytable==3.18.0 \
    --hash=sha256:b3346e0e6f79180833aebaac088ae926340586cf6d7d991b9eb125b65f72313a
proto-plus==1.28.1 \
    --hash=sha256:6660f5f1970874bdcfc3088b435188a36a37bd3596668f7d726417c4ae8cfbed
protobuf==7.35.1 \
    --hash=sha256:4bc97768d8fe4ad6743c8a19403e314511ed9f6d13205b687e52421c023ac1b9
pyasn1==0.6.4 \
    --hash=sha256:deda9277cfd454080ec40b207fb6df82206a3a2688735233cdcd8d3d565f088b
pyasn1-modules==0.4.2 \
    --hash=sha256:29253a9207ce32b64c3ac6600edc75368f98473906e8fd1043bd6b5b1de2c14a
pycparser==3.0 \
    --hash=sha256:b727414169a36b7d524c1c3e31839a521725078d7b2ff038656844266160a992
pydantic==2.13.4 \
    --hash=sha256:45a282cde31d808236fd7ea9d919b128653c8b38b393d1c4ab335c62924d9aba
pydantic-core==2.46.4 \
    --hash=sha256:7bfb192b3f4b9e8a89b6277b6ce787564f62cfd272055f6e685726b111dc7826 \
    --hash=sha256:f9fa868638bf362d3d138ea55829cefb3d5f4b0d7f142234382a15e2485dbec4
pyparsing==3.3.2 \
    --hash=sha256:850ba148bd908d7e2411587e247a1e4f0327839c40e2e5e6d05a007ecc69911d
python-dateutil==2.9.0.post0 \
    --hash=sha256:a8b2bc7bffae282281c8140a97d3aa9c14da0b136dfe83f850eea9a5f7470427
pyyaml==6.0.3 \
    --hash=sha256:10892704fc220243f5305762e276552a0395f7beb4dbf9b14ec8fd43b57f126c \
    --hash=sha256:b8bb0864c5a28024fac8a632c443c87c5aa6f215c0b126c449ae1a150412f31d
requests==2.34.2 \
    --hash=sha256:2a0d60c172f83ac6ab31e4554906c0f3b3588d37b5cb939b1c061f4907e278e0
scikit-image==0.26.0 \
    --hash=sha256:9ea6207d9e9d21c3f464efe733121c0504e494dbdc7728649ff3e23c3c5a4953 \
    --hash=sha256:74aa5518ccea28121f57a95374581d3b979839adc25bb03f289b1bc9b99c58af
scikit-learn==1.9.0 \
    --hash=sha256:fd3a8ef0c758555a3b23c03adaa858af32f7736785ded50ad5991f59c4ed03fa \
    --hash=sha256:f7e254636164090da847715a27f8e5478feb98c40a9e0ee90cbd277de9e5ceb8
scipy==1.17.1 \
    --hash=sha256:744b2bf3640d907b79f3fd7874efe432d1cf171ee721243e350f55234b4cec4c \
    --hash=sha256:43af8d1f3bea642559019edfe64e9b11192a8978efbd1539d7bc2aaa23d92de4
simsimd==6.5.16 \
    --hash=sha256:49a7df7634db3d451cb9842857912032f4397704fb0fd0c857d2017474c2a6ac \
    --hash=sha256:34c34c95a32c881ce2d64cec445c82d33f2e350ca02ad50b053a78407d6163ba
six==1.17.0 \
    --hash=sha256:4721f391ed90541fddacab5acf947aa0d3dc7d27b2e1e8eda2be8970586c3274
stringzilla==4.6.2 \
    --hash=sha256:f30fb35d84578236723aaf9442e9281ae29c8ad5255eb118173c9370af4c0e71
threadpoolctl==3.6.0 \
    --hash=sha256:43a0b8fd5a2928500110039e43a5eed8480b918967083ea48dc3ab9f13c4a7fb
tifffile==2026.3.3 \
    --hash=sha256:e8be15c94273113d31ecb7aa3a39822189dd11c4967e3cc88c178f1ad2fd1170
tqdm==4.68.4 \
    --hash=sha256:5168118b2368f48c561afda8020fd79195b1bdb0bdf8086b88442c267a315dc2
typing-extensions==4.16.0 \
    --hash=sha256:481caa481374e813c1b176ada14e97f1f67a4539ce9cfeb3f350d78d6370c2e8
typing-inspection==0.4.2 \
    --hash=sha256:4ed1cacbdc298c220f1bd249ed5287caa16f34d44ef4e9c3d0cbad5b521545e7
urllib3==2.7.0 \
    --hash=sha256:9fb4c81ebbb1ce9531cce37674bbc6f1360472bc18ca9a553ede278ef7276897
wcwidth==0.8.2 \
    --hash=sha256:d63947694a0539a1d51e01eda7caf800c291020e6cdd7e28ad7b14dd33ad4f85
